
Microsoft Visual Studio Solution File, Format Version 12.00
# Visual Studio Version 17
VisualStudioVersion = 17.8.34330.188
MinimumVisualStudioVersion = 10.0.40219.1
Project("{FAE04EC0-301F-11D3-BF4B-00C04F79EFBC}") = "AdminUI", "AdminUI\AdminUI.csproj", "{5E0B34D0-0305-4CC5-9374-B82F5143518B}"
EndProject
Project("{FAE04EC0-301F-11D3-BF4B-00C04F79EFBC}") = "StoreUI", "StoreUI\StoreUI.csproj", "{E48DCF29-79F3-4BDD-847A-43A9481E41EA}"
EndProject
Global
	GlobalSection(SolutionConfigurationPlatforms) = preSolution
		Debug|Any CPU = Debug|Any CPU
		Release|Any CPU = Release|Any CPU
	EndGlobalSection
	GlobalSection(ProjectConfigurationPlatforms) = postSolution
		{5E0B34D0-0305-4CC5-9374-B82F5143518B}.Debug|Any CPU.ActiveCfg = Debug|Any CPU
		{5E0B34D0-0305-4CC5-9374-B82F5143518B}.Debug|Any CPU.Build.0 = Debug|Any CPU
		{5E0B34D0-0305-4CC5-9374-B82F5143518B}.Release|Any CPU.ActiveCfg = Release|Any CPU
		{5E0B34D0-0305-4CC5-9374-B82F5143518B}.Release|Any CPU.Build.0 = Release|Any CPU
		{E48DCF29-79F3-4BDD-847A-43A9481E41EA}.Debug|Any CPU.ActiveCfg = Debug|Any CPU
		{E48DCF29-79F3-4BDD-847A-43A9481E41EA}.Debug|Any CPU.Build.0 = Debug|Any CPU
		{E48DCF29-79F3-4BDD-847A-43A9481E41EA}.Release|Any CPU.ActiveCfg = Release|Any CPU
		{E48DCF29-79F3-4BDD-847A-43A9481E41EA}.Release|Any CPU.Build.0 = Release|Any CPU
	EndGlobalSection
	GlobalSection(SolutionProperties) = preSolution
		HideSolutionNode = FALSE
	EndGlobalSection
	GlobalSection(ExtensibilityGlobals) = postSolution
		SolutionGuid = {35C05369-43E0-4716-A34D-2652A2AFE625}
	EndGlobalSection
EndGlobal
